
Microsoft Visual Studio Solution File, Format Version 12.00
# Visual Studio Version 16
VisualStudioVersion = 16.0.29424.173
MinimumVisualStudioVersion = 10.0.40219.1
Project("{FAE04EC0-301F-11D3-BF4B-00C04F79EFBC}") = "17.11.19_homework_lesson14_Itay", "17.11.19_homework_lesson14_Itay\17.11.19_homework_lesson14_Itay.csproj", "{FE88ECFE-98D0-4DBE-8B49-A73476986419}"
EndProject
Global
	GlobalSection(SolutionConfigurationPlatforms) = preSolution
		Debug|Any CPU = Debug|Any CPU
		Release|Any CPU = Release|Any CPU
	EndGlobalSection
	GlobalSection(ProjectConfigurationPlatforms) = postSolution
		{FE88ECFE-98D0-4DBE-8B49-A73476986419}.Debug|Any CPU.ActiveCfg = Debug|Any CPU
		{FE88ECFE-98D0-4DBE-8B49-A73476986419}.Debug|Any CPU.Build.0 = Debug|Any CPU
		{FE88ECFE-98D0-4DBE-8B49-A73476986419}.Release|Any CPU.ActiveCfg = Release|Any CPU
		{FE88ECFE-98D0-4DBE-8B49-A73476986419}.Release|Any CPU.Build.0 = Release|Any CPU
	EndGlobalSection
	GlobalSection(SolutionProperties) = preSolution
		HideSolutionNode = FALSE
	EndGlobalSection
	GlobalSection(ExtensibilityGlobals) = postSolution
		SolutionGuid = {390CE0FB-6D66-4B8A-82E4-F1B361E4ABA0}
	EndGlobalSection
EndGlobal
